
Microsoft Visual Studio Solution File, Format Version 12.00
# Visual Studio Version 16
VisualStudioVersion = 16.0.29613.14
MinimumVisualStudioVersion = 10.0.40219.1
Project("{9A19103F-16F7-4668-BE54-9A1E7A4F7556}") = "Console", "mucomDotNETConsole\Console.csproj", "{C78892A7-905F-44D2-9B29-64B4EE235588}"
EndProject
Project("{2150E333-8FDC-42A3-9474-1A3956D46DE8}") = "document", "document", "{A1B058B6-4952-4E00-93B2-1104739841E9}"
	ProjectSection(SolutionItems) = preProject
		CHANGE.txt = CHANGE.txt
		compile.bat = compile.bat
		ExtendFormat.txt = ExtendFormat.txt
		makeZip.bat = makeZip.bat
		MML.txt = MML.txt
		PCMTool.bat = PCMTool.bat
		play.bat = play.bat
		playOnGIMIC.bat = playOnGIMIC.bat
		playOnSCCI.bat = playOnSCCI.bat
		README.md = README.md
		removeZoneIdent.bat = removeZoneIdent.bat
		test.pxt = test.pxt
		toWav.bat = toWav.bat
		usage.txt = usage.txt
	EndProjectSection
EndProject
Project("{9A19103F-16F7-4668-BE54-9A1E7A4F7556}") = "Compiler", "mucomDotNETCompiler\Compiler.csproj", "{8FFC1451-42CC-4D05-A59F-EFD658F44B07}"
EndProject
Project("{9A19103F-16F7-4668-BE54-9A1E7A4F7556}") = "Driver", "mucomDotNETDriver\Driver.csproj", "{8AB04FA5-C36B-44B6-95EF-B0A4DD9B353B}"
EndProject
Project("{9A19103F-16F7-4668-BE54-9A1E7A4F7556}") = "Player", "mucomDotNETPlayer\Player.csproj", "{7043EF1F-A429-4282-BDD3-BEBB2417D22C}"
EndProject
Project("{9A19103F-16F7-4668-BE54-9A1E7A4F7556}") = "Common", "mucomDotNETCommon\Common.csproj", "{34AAD812-CF44-4080-9BE9-1FDA164BAE55}"
EndProject
Project("{2150E333-8FDC-42A3-9474-1A3956D46DE8}") = "lib", "lib", "{CAA32685-98D6-40B5-AD18-79006ED7B1F7}"
	ProjectSection(SolutionItems) = preProject
		lib\musicDriverInterface.dll = lib\musicDriverInterface.dll
	EndProjectSection
EndProject
Project("{9A19103F-16F7-4668-BE54-9A1E7A4F7556}") = "Wav", "Wav\Wav.csproj", "{70F58570-BDA0-4B4B-A5DD-A12D055389E3}"
EndProject
Project("{9A19103F-16F7-4668-BE54-9A1E7A4F7556}") = "Console.Net4", "mucomDotNETConsole.Net4\Console.Net4.csproj", "{1B997B7D-F0E6-468A-8B63-CD6D5F78A20F}"
EndProject
Project("{9A19103F-16F7-4668-BE54-9A1E7A4F7556}") = "Wav.Net4", "Wav.Net4\Wav.Net4.csproj", "{5C27B24F-A5B2-4BEE-85E8-A80F1F6B5FF7}"
EndProject
Project("{9A19103F-16F7-4668-BE54-9A1E7A4F7556}") = "Vgm", "Vgm\Vgm.csproj", "{044CA1E4-816F-4085-A492-ECCB58CBA954}"
EndProject
Project("{9A19103F-16F7-4668-BE54-9A1E7A4F7556}") = "Vgm.Net4", "Vgm.Net4\Vgm.Net4.csproj", "{66D1AADB-C06E-4F55-BB07-9730B95220D8}"
EndProject
Project("{FAE04EC0-301F-11D3-BF4B-00C04F79EFBC}") = "PCMTool", "PCMTool\PCMTool.csproj", "{D47419F0-2F9D-4BB1-BE12-0710BA4386C8}"
EndProject
Global
	GlobalSection(SolutionConfigurationPlatforms) = preSolution
		Debug|Any CPU = Debug|Any CPU
		Debug|x64 = Debug|x64
		Debug|x86 = Debug|x86
		Release|Any CPU = Release|Any CPU
		Release|x64 = Release|x64
		Release|x86 = Release|x86
	EndGlobalSection
	GlobalSection(ProjectConfigurationPlatforms) = postSolution
		{C78892A7-905F-44D2-9B29-64B4EE235588}.Debug|Any CPU.ActiveCfg = Debug|Any CPU
		{C78892A7-905F-44D2-9B29-64B4EE235588}.Debug|Any CPU.Build.0 = Debug|Any CPU
		{C78892A7-905F-44D2-9B29-64B4EE235588}.Debug|x64.ActiveCfg = Debug|Any CPU
		{C78892A7-905F-44D2-9B29-64B4EE235588}.Debug|x64.Build.0 = Debug|Any CPU
		{C78892A7-905F-44D2-9B29-64B4EE235588}.Debug|x86.ActiveCfg = Debug|Any CPU
		{C78892A7-905F-44D2-9B29-64B4EE235588}.Debug|x86.Build.0 = Debug|Any CPU
		{C78892A7-905F-44D2-9B29-64B4EE235588}.Release|Any CPU.ActiveCfg = Release|Any CPU
		{C78892A7-905F-44D2-9B29-64B4EE235588}.Release|Any CPU.Build.0 = Release|Any CPU
		{C78892A7-905F-44D2-9B29-64B4EE235588}.Release|x64.ActiveCfg = Release|Any CPU
		{C78892A7-905F-44D2-9B29-64B4EE235588}.Release|x64.Build.0 = Release|Any CPU
		{C78892A7-905F-44D2-9B29-64B4EE235588}.Release|x86.ActiveCfg = Release|Any CPU
		{C78892A7-905F-44D2-9B29-64B4EE235588}.Release|x86.Build.0 = Release|Any CPU
		{8FFC1451-42CC-4D05-A59F-EFD658F44B07}.Debug|Any CPU.ActiveCfg = Debug|Any CPU
		{8FFC1451-42CC-4D05-A59F-EFD658F44B07}.Debug|Any CPU.Build.0 = Debug|Any CPU
		{8FFC1451-42CC-4D05-A59F-EFD658F44B07}.Debug|x64.ActiveCfg = Debug|Any CPU
		{8FFC1451-42CC-4D05-A59F-EFD658F44B07}.Debug|x64.Build.0 = Debug|Any CPU
		{8FFC1451-42CC-4D05-A59F-EFD658F44B07}.Debug|x86.ActiveCfg = Debug|Any CPU
		{8FFC1451-42CC-4D05-A59F-EFD658F44B07}.Debug|x86.Build.0 = Debug|Any CPU
		{8FFC1451-42CC-4D05-A59F-EFD658F44B07}.Release|Any CPU.ActiveCfg = Release|Any CPU
		{8FFC1451-42CC-4D05-A59F-EFD658F44B07}.Release|Any CPU.Build.0 = Release|Any CPU
		{8FFC1451-42CC-4D05-A59F-EFD658F44B07}.Release|x64.ActiveCfg = Release|Any CPU
		{8FFC1451-42CC-4D05-A59F-EFD658F44B07}.Release|x64.Build.0 = Release|Any CPU
		{8FFC1451-42CC-4D05-A59F-EFD658F44B07}.Release|x86.ActiveCfg = Release|Any CPU
		{8FFC1451-42CC-4D05-A59F-EFD658F44B07}.Release|x86.Build.0 = Release|Any CPU
		{8AB04FA5-C36B-44B6-95EF-B0A4DD9B353B}.Debug|Any CPU.ActiveCfg = Debug|Any CPU
		{8AB04FA5-C36B-44B6-95EF-B0A4DD9B353B}.Debug|Any CPU.Build.0 = Debug|Any CPU
		{8AB04FA5-C36B-44B6-95EF-B0A4DD9B353B}.Debug|x64.ActiveCfg = Debug|Any CPU
		{8AB04FA5-C36B-44B6-95EF-B0A4DD9B353B}.Debug|x64.Build.0 = Debug|Any CPU
		{8AB04FA5-C36B-44B6-95EF-B0A4DD9B353B}.Debug|x86.ActiveCfg = Debug|Any CPU
		{8AB04FA5-C36B-44B6-95EF-B0A4DD9B353B}.Debug|x86.Build.0 = Debug|Any CPU
		{8AB04FA5-C36B-44B6-95EF-B0A4DD9B353B}.Release|Any CPU.ActiveCfg = Release|Any CPU
		{8AB04FA5-C36B-44B6-95EF-B0A4DD9B353B}.Release|Any CPU.Build.0 = Release|Any CPU
		{8AB04FA5-C36B-44B6-95EF-B0A4DD9B353B}.Release|x64.ActiveCfg = Release|Any CPU
		{8AB04FA5-C36B-44B6-95EF-B0A4DD9B353B}.Release|x64.Build.0 = Release|Any CPU
		{8AB04FA5-C36B-44B6-95EF-B0A4DD9B353B}.Release|x86.ActiveCfg = Release|Any CPU
		{8AB04FA5-C36B-44B6-95EF-B0A4DD9B353B}.Release|x86.Build.0 = Release|Any CPU
		{7043EF1F-A429-4282-BDD3-BEBB2417D22C}.Debug|Any CPU.ActiveCfg = Debug|Any CPU
		{7043EF1F-A429-4282-BDD3-BEBB2417D22C}.Debug|Any CPU.Build.0 = Debug|Any CPU
		{7043EF1F-A429-4282-BDD3-BEBB2417D22C}.Debug|x64.ActiveCfg = Debug|Any CPU
		{7043EF1F-A429-4282-BDD3-BEBB2417D22C}.Debug|x64.Build.0 = Debug|Any CPU
		{7043EF1F-A429-4282-BDD3-BEBB2417D22C}.Debug|x86.ActiveCfg = Debug|Any CPU
		{7043EF1F-A429-4282-BDD3-BEBB2417D22C}.Debug|x86.Build.0 = Debug|Any CPU
		{7043EF1F-A429-4282-BDD3-BEBB2417D22C}.Release|Any CPU.ActiveCfg = Release|Any CPU
		{7043EF1F-A429-4282-BDD3-BEBB2417D22C}.Release|Any CPU.Build.0 = Release|Any CPU
		{7043EF1F-A429-4282-BDD3-BEBB2417D22C}.Release|x64.ActiveCfg = Release|Any CPU
		{7043EF1F-A429-4282-BDD3-BEBB2417D22C}.Release|x64.Build.0 = Release|Any CPU
		{7043EF1F-A429-4282-BDD3-BEBB2417D22C}.Release|x86.ActiveCfg = Release|Any CPU
		{7043EF1F-A429-4282-BDD3-BEBB2417D22C}.Release|x86.Build.0 = Release|Any CPU
		{34AAD812-CF44-4080-9BE9-1FDA164BAE55}.Debug|Any CPU.ActiveCfg = Debug|Any CPU
		{34AAD812-CF44-4080-9BE9-1FDA164BAE55}.Debug|Any CPU.Build.0 = Debug|Any CPU
		{34AAD812-CF44-4080-9BE9-1FDA164BAE55}.Debug|x64.ActiveCfg = Debug|Any CPU
		{34AAD812-CF44-4080-9BE9-1FDA164BAE55}.Debug|x64.Build.0 = Debug|Any CPU
		{34AAD812-CF44-4080-9BE9-1FDA164BAE55}.Debug|x86.ActiveCfg = Debug|Any CPU
		{34AAD812-CF44-4080-9BE9-1FDA164BAE55}.Debug|x86.Build.0 = Debug|Any CPU
		{34AAD812-CF44-4080-9BE9-1FDA164BAE55}.Release|Any CPU.ActiveCfg = Release|Any CPU
		{34AAD812-CF44-4080-9BE9-1FDA164BAE55}.Release|Any CPU.Build.0 = Release|Any CPU
		{34AAD812-CF44-4080-9BE9-1FDA164BAE55}.Release|x64.ActiveCfg = Release|Any CPU
		{34AAD812-CF44-4080-9BE9-1FDA164BAE55}.Release|x64.Build.0 = Release|Any CPU
		{34AAD812-CF44-4080-9BE9-1FDA164BAE55}.Release|x86.ActiveCfg = Release|Any CPU
		{34AAD812-CF44-4080-9BE9-1FDA164BAE55}.Release|x86.Build.0 = Release|Any CPU
		{70F58570-BDA0-4B4B-A5DD-A12D055389E3}.Debug|Any CPU.ActiveCfg = Debug|Any CPU
		{70F58570-BDA0-4B4B-A5DD-A12D055389E3}.Debug|Any CPU.Build.0 = Debug|Any CPU
		{70F58570-BDA0-4B4B-A5DD-A12D055389E3}.Debug|x64.ActiveCfg = Debug|Any CPU
		{70F58570-BDA0-4B4B-A5DD-A12D055389E3}.Debug|x64.Build.0 = Debug|Any CPU
		{70F58570-BDA0-4B4B-A5DD-A12D055389E3}.Debug|x86.ActiveCfg = Debug|Any CPU
		{70F58570-BDA0-4B4B-A5DD-A12D055389E3}.Debug|x86.Build.0 = Debug|Any CPU
		{70F58570-BDA0-4B4B-A5DD-A12D055389E3}.Release|Any CPU.ActiveCfg = Release|Any CPU
		{70F58570-BDA0-4B4B-A5DD-A12D055389E3}.Release|Any CPU.Build.0 = Release|Any CPU
		{70F58570-BDA0-4B4B-A5DD-A12D055389E3}.Release|x64.ActiveCfg = Release|Any CPU
		{70F58570-BDA0-4B4B-A5DD-A12D055389E3}.Release|x64.Build.0 = Release|Any CPU
		{70F58570-BDA0-4B4B-A5DD-A12D055389E3}.Release|x86.ActiveCfg = Release|Any CPU
		{70F58570-BDA0-4B4B-A5DD-A12D055389E3}.Release|x86.Build.0 = Release|Any CPU
		{1B997B7D-F0E6-468A-8B63-CD6D5F78A20F}.Debug|Any CPU.ActiveCfg = Debug|Any CPU
		{1B997B7D-F0E6-468A-8B63-CD6D5F78A20F}.Debug|Any CPU.Build.0 = Debug|Any CPU
		{1B997B7D-F0E6-468A-8B63-CD6D5F78A20F}.Debug|x64.ActiveCfg = Debug|Any CPU
		{1B997B7D-F0E6-468A-8B63-CD6D5F78A20F}.Debug|x64.Build.0 = Debug|Any CPU
		{1B997B7D-F0E6-468A-8B63-CD6D5F78A20F}.Debug|x86.ActiveCfg = Debug|Any CPU
		{1B997B7D-F0E6-468A-8B63-CD6D5F78A20F}.Debug|x86.Build.0 = Debug|Any CPU
		{1B997B7D-F0E6-468A-8B63-CD6D5F78A20F}.Release|Any CPU.ActiveCfg = Release|Any CPU
		{1B997B7D-F0E6-468A-8B63-CD6D5F78A20F}.Release|Any CPU.Build.0 = Release|Any CPU
		{1B997B7D-F0E6-468A-8B63-CD6D5F78A20F}.Release|x64.ActiveCfg = Release|Any CPU
		{1B997B7D-F0E6-468A-8B63-CD6D5F78A20F}.Release|x64.Build.0 = Release|Any CPU
		{1B997B7D-F0E6-468A-8B63-CD6D5F78A20F}.Release|x86.ActiveCfg = Release|Any CPU
		{1B997B7D-F0E6-468A-8B63-CD6D5F78A20F}.Release|x86.Build.0 = Release|Any CPU
		{5C27B24F-A5B2-4BEE-85E8-A80F1F6B5FF7}.Debug|Any CPU.ActiveCfg = Debug|Any CPU
		{5C27B24F-A5B2-4BEE-85E8-A80F1F6B5FF7}.Debug|Any CPU.Build.0 = Debug|Any CPU
		{5C27B24F-A5B2-4BEE-85E8-A80F1F6B5FF7}.Debug|x64.ActiveCfg = Debug|Any CPU
		{5C27B24F-A5B2-4BEE-85E8-A80F1F6B5FF7}.Debug|x64.Build.0 = Debug|Any CPU
		{5C27B24F-A5B2-4BEE-85E8-A80F1F6B5FF7}.Debug|x86.ActiveCfg = Debug|Any CPU
		{5C27B24F-A5B2-4BEE-85E8-A80F1F6B5FF7}.Debug|x86.Build.0 = Debug|Any CPU
		{5C27B24F-A5B2-4BEE-85E8-A80F1F6B5FF7}.Release|Any CPU.ActiveCfg = Release|Any CPU
		{5C27B24F-A5B2-4BEE-85E8-A80F1F6B5FF7}.Release|Any CPU.Build.0 = Release|Any CPU
		{5C27B24F-A5B2-4BEE-85E8-A80F1F6B5FF7}.Release|x64.ActiveCfg = Release|Any CPU
		{5C27B24F-A5B2-4BEE-85E8-A80F1F6B5FF7}.Release|x64.Build.0 = Release|Any CPU
		{5C27B24F-A5B2-4BEE-85E8-A80F1F6B5FF7}.Release|x86.ActiveCfg = Release|Any CPU
		{5C27B24F-A5B2-4BEE-85E8-A80F1F6B5FF7}.Release|x86.Build.0 = Release|Any CPU
		{044CA1E4-816F-4085-A492-ECCB58CBA954}.Debug|Any CPU.ActiveCfg = Debug|Any CPU
		{044CA1E4-816F-4085-A492-ECCB58CBA954}.Debug|Any CPU.Build.0 = Debug|Any CPU
		{044CA1E4-816F-4085-A492-ECCB58CBA954}.Debug|x64.ActiveCfg = Debug|Any CPU
		{044CA1E4-816F-4085-A492-ECCB58CBA954}.Debug|x64.Build.0 = Debug|Any CPU
		{044CA1E4-816F-4085-A492-ECCB58CBA954}.Debug|x86.ActiveCfg = Debug|Any CPU
		{044CA1E4-816F-4085-A492-ECCB58CBA954}.Debug|x86.Build.0 = Debug|Any CPU
		{044CA1E4-816F-4085-A492-ECCB58CBA954}.Release|Any CPU.ActiveCfg = Release|Any CPU
		{044CA1E4-816F-4085-A492-ECCB58CBA954}.Release|Any CPU.Build.0 = Release|Any CPU
		{044CA1E4-816F-4085-A492-ECCB58CBA954}.Release|x64.ActiveCfg = Release|Any CPU
		{044CA1E4-816F-4085-A492-ECCB58CBA954}.Release|x64.Build.0 = Release|Any CPU
		{044CA1E4-816F-4085-A492-ECCB58CBA954}.Release|x86.ActiveCfg = Release|Any CPU
		{044CA1E4-816F-4085-A492-ECCB58CBA954}.Release|x86.Build.0 = Release|Any CPU
		{66D1AADB-C06E-4F55-BB07-9730B95220D8}.Debug|Any CPU.ActiveCfg = Debug|Any CPU
		{66D1AADB-C06E-4F55-BB07-9730B95220D8}.Debug|Any CPU.Build.0 = Debug|Any CPU
		{66D1AADB-C06E-4F55-BB07-9730B95220D8}.Debug|x64.ActiveCfg = Debug|Any CPU
		{66D1AADB-C06E-4F55-BB07-9730B95220D8}.Debug|x64.Build.0 = Debug|Any CPU
		{66D1AADB-C06E-4F55-BB07-9730B95220D8}.Debug|x86.ActiveCfg = Debug|Any CPU
		{66D1AADB-C06E-4F55-BB07-9730B95220D8}.Debug|x86.Build.0 = Debug|Any CPU
		{66D1AADB-C06E-4F55-BB07-9730B95220D8}.Release|Any CPU.ActiveCfg = Release|Any CPU
		{66D1AADB-C06E-4F55-BB07-9730B95220D8}.Release|Any CPU.Build.0 = Release|Any CPU
		{66D1AADB-C06E-4F55-BB07-9730B95220D8}.Release|x64.ActiveCfg = Release|Any CPU
		{66D1AADB-C06E-4F55-BB07-9730B95220D8}.Release|x64.Build.0 = Release|Any CPU
		{66D1AADB-C06E-4F55-BB07-9730B95220D8}.Release|x86.ActiveCfg = Release|Any CPU
		{66D1AADB-C06E-4F55-BB07-9730B95220D8}.Release|x86.Build.0 = Release|Any CPU
		{D47419F0-2F9D-4BB1-BE12-0710BA4386C8}.Debug|Any CPU.ActiveCfg = Debug|Any CPU
		{D47419F0-2F9D-4BB1-BE12-0710BA4386C8}.Debug|Any CPU.Build.0 = Debug|Any CPU
		{D47419F0-2F9D-4BB1-BE12-0710BA4386C8}.Debug|x64.ActiveCfg = Debug|Any CPU
		{D47419F0-2F9D-4BB1-BE12-0710BA4386C8}.Debug|x64.Build.0 = Debug|Any CPU
		{D47419F0-2F9D-4BB1-BE12-0710BA4386C8}.Debug|x86.ActiveCfg = Debug|Any CPU
		{D47419F0-2F9D-4BB1-BE12-0710BA4386C8}.Debug|x86.Build.0 = Debug|Any CPU
		{D47419F0-2F9D-4BB1-BE12-0710BA4386C8}.Release|Any CPU.ActiveCfg = Release|Any CPU
		{D47419F0-2F9D-4BB1-BE12-0710BA4386C8}.Release|Any CPU.Build.0 = Release|Any CPU
		{D47419F0-2F9D-4BB1-BE12-0710BA4386C8}.Release|x64.ActiveCfg = Release|Any CPU
		{D47419F0-2F9D-4BB1-BE12-0710BA4386C8}.Release|x64.Build.0 = Release|Any CPU
		{D47419F0-2F9D-4BB1-BE12-0710BA4386C8}.Release|x86.ActiveCfg = Release|Any CPU
		{D47419F0-2F9D-4BB1-BE12-0710BA4386C8}.Release|x86.Build.0 = Release|Any CPU
	EndGlobalSection
	GlobalSection(SolutionProperties) = preSolution
		HideSolutionNode = FALSE
	EndGlobalSection
	GlobalSection(ExtensibilityGlobals) = postSolution
		SolutionGuid = {BC5AB197-72AB-4BF4-84E1-082A4F7877C8}
	EndGlobalSection
EndGlobal
