Microsoft Visual Studio Solution File, Format Version 12.00
# Visual Studio Version 17
VisualStudioVersion = 17.6.33815.320
MinimumVisualStudioVersion = 10.0.40219.1
Project("{9A19103F-16F7-4668-BE54-9A1E7A4F7556}") = "Console", "mucomDotNETConsole\Console.csproj", "{C78892A7-905F-44D2-9B29-64B4EE235588}"
EndProject
Project("{2150E333-8FDC-42A3-9474-1A3956D46DE8}") = "document", "document", "{A1B058B6-4952-4E00-93B2-1104739841E9}"
	ProjectSection(SolutionItems) = preProject
		CHANGE.txt = CHANGE.txt
		compile.bat = compile.bat
		ExtendFormat.txt = ExtendFormat.txt
		FolderStructure.txt = FolderStructure.txt
		makeZip.bat = makeZip.bat
		MML.txt = MML.txt
		PCMTool.bat = PCMTool.bat
		play.bat = play.bat
		playOnGIMIC.bat = playOnGIMIC.bat
		playOnSCCI.bat = playOnSCCI.bat
		playx64.bat = playx64.bat
		playx64OnGIMIC.bat = playx64OnGIMIC.bat
		playx64OnSCCI.bat = playx64OnSCCI.bat
		README.md = README.md
		removeZoneIdent.bat = removeZoneIdent.bat
		test.pxt = test.pxt
		toVgm.bat = toVgm.bat
		toWav.bat = toWav.bat
		usage.txt = usage.txt
	EndProjectSection
EndProject
Project("{9A19103F-16F7-4668-BE54-9A1E7A4F7556}") = "Compiler", "mucomDotNETCompiler\Compiler.csproj", "{8FFC1451-42CC-4D05-A59F-EFD658F44B07}"
EndProject
Project("{9A19103F-16F7-4668-BE54-9A1E7A4F7556}") = "Driver", "mucomDotNETDriver\Driver.csproj", "{8AB04FA5-C36B-44B6-95EF-B0A4DD9B353B}"
EndProject
Project("{9A19103F-16F7-4668-BE54-9A1E7A4F7556}") = "Player86_NET6", "mucomDotNETPlayer\Player86_NET6.csproj", "{7043EF1F-A429-4282-BDD3-BEBB2417D22C}"
EndProject
Project("{9A19103F-16F7-4668-BE54-9A1E7A4F7556}") = "Common", "mucomDotNETCommon\Common.csproj", "{34AAD812-CF44-4080-9BE9-1FDA164BAE55}"
EndProject
Project("{2150E333-8FDC-42A3-9474-1A3956D46DE8}") = "lib", "lib", "{CAA32685-98D6-40B5-AD18-79006ED7B1F7}"
	ProjectSection(SolutionItems) = preProject
		lib\musicDriverInterface.dll = lib\musicDriverInterface.dll
	EndProjectSection
EndProject
Project("{9A19103F-16F7-4668-BE54-9A1E7A4F7556}") = "Wav", "Wav\Wav.csproj", "{70F58570-BDA0-4B4B-A5DD-A12D055389E3}"
EndProject
Project("{9A19103F-16F7-4668-BE54-9A1E7A4F7556}") = "Vgm", "Vgm\Vgm.csproj", "{044CA1E4-816F-4085-A492-ECCB58CBA954}"
EndProject
Project("{9A19103F-16F7-4668-BE54-9A1E7A4F7556}") = "PCMTool", "PCMTool\PCMTool.csproj", "{ADECD813-E68A-4398-B8AC-D62486B609BB}"
EndProject
Project("{9A19103F-16F7-4668-BE54-9A1E7A4F7556}") = "Common_NET6", "Common_NET5\Common_NET6.csproj", "{D1857629-CAC5-47BC-91E4-7D733607394A}"
EndProject
Project("{9A19103F-16F7-4668-BE54-9A1E7A4F7556}") = "Compiler_NET6", "Compiler_NET5\Compiler_NET6.csproj", "{47D88CEE-E91B-49F8-80A1-D04FEA63F8F3}"
EndProject
Project("{9A19103F-16F7-4668-BE54-9A1E7A4F7556}") = "Console_NET6", "Console_NET5\Console_NET6.csproj", "{727C8DAD-4499-4045-89AA-591CB5E00B42}"
EndProject
Project("{9A19103F-16F7-4668-BE54-9A1E7A4F7556}") = "Driver_NET6", "Driver_NET5\Driver_NET6.csproj", "{80CD29C1-E98D-49E7-B4EF-3F6E6D7600F3}"
EndProject
Project("{9A19103F-16F7-4668-BE54-9A1E7A4F7556}") = "PCMTool_NET6", "PCMTool_NET5\PCMTool_NET6.csproj", "{00C0657B-F5FE-4F01-A963-346EF4447B07}"
EndProject
Project("{9A19103F-16F7-4668-BE54-9A1E7A4F7556}") = "Vgm_NET6", "Vgm_NET5\Vgm_NET6.csproj", "{6D27AC79-99AF-40BD-9493-17B87669F5C5}"
EndProject
Project("{9A19103F-16F7-4668-BE54-9A1E7A4F7556}") = "Wav_NET6", "Wav_NET5\Wav_NET6.csproj", "{29906870-8AB7-4C29-858D-42C6E9A1BEAB}"
EndProject
Project("{9A19103F-16F7-4668-BE54-9A1E7A4F7556}") = "Player64_NET6", "Player64\Player64_NET6.csproj", "{74C8B4EE-213C-49F2-ACC7-2AF30AFCB2EC}"
EndProject
Global
	GlobalSection(SolutionConfigurationPlatforms) = preSolution
		Debug|Any CPU = Debug|Any CPU
		Release|Any CPU = Release|Any CPU
	EndGlobalSection
	GlobalSection(ProjectConfigurationPlatforms) = postSolution
		{C78892A7-905F-44D2-9B29-64B4EE235588}.Debug|Any CPU.ActiveCfg = Debug|Any CPU
		{C78892A7-905F-44D2-9B29-64B4EE235588}.Debug|Any CPU.Build.0 = Debug|Any CPU
		{C78892A7-905F-44D2-9B29-64B4EE235588}.Release|Any CPU.ActiveCfg = Release|Any CPU
		{C78892A7-905F-44D2-9B29-64B4EE235588}.Release|Any CPU.Build.0 = Release|Any CPU
		{8FFC1451-42CC-4D05-A59F-EFD658F44B07}.Debug|Any CPU.ActiveCfg = Debug|Any CPU
		{8FFC1451-42CC-4D05-A59F-EFD658F44B07}.Debug|Any CPU.Build.0 = Debug|Any CPU
		{8FFC1451-42CC-4D05-A59F-EFD658F44B07}.Release|Any CPU.ActiveCfg = Release|Any CPU
		{8FFC1451-42CC-4D05-A59F-EFD658F44B07}.Release|Any CPU.Build.0 = Release|Any CPU
		{8AB04FA5-C36B-44B6-95EF-B0A4DD9B353B}.Debug|Any CPU.ActiveCfg = Debug|Any CPU
		{8AB04FA5-C36B-44B6-95EF-B0A4DD9B353B}.Debug|Any CPU.Build.0 = Debug|Any CPU
		{8AB04FA5-C36B-44B6-95EF-B0A4DD9B353B}.Release|Any CPU.ActiveCfg = Release|Any CPU
		{8AB04FA5-C36B-44B6-95EF-B0A4DD9B353B}.Release|Any CPU.Build.0 = Release|Any CPU
		{7043EF1F-A429-4282-BDD3-BEBB2417D22C}.Debug|Any CPU.ActiveCfg = Debug|Any CPU
		{7043EF1F-A429-4282-BDD3-BEBB2417D22C}.Debug|Any CPU.Build.0 = Debug|Any CPU
		{7043EF1F-A429-4282-BDD3-BEBB2417D22C}.Release|Any CPU.ActiveCfg = Release|Any CPU
		{7043EF1F-A429-4282-BDD3-BEBB2417D22C}.Release|Any CPU.Build.0 = Release|Any CPU
		{34AAD812-CF44-4080-9BE9-1FDA164BAE55}.Debug|Any CPU.ActiveCfg = Debug|Any CPU
		{34AAD812-CF44-4080-9BE9-1FDA164BAE55}.Debug|Any CPU.Build.0 = Debug|Any CPU
		{34AAD812-CF44-4080-9BE9-1FDA164BAE55}.Release|Any CPU.ActiveCfg = Release|Any CPU
		{34AAD812-CF44-4080-9BE9-1FDA164BAE55}.Release|Any CPU.Build.0 = Release|Any CPU
		{70F58570-BDA0-4B4B-A5DD-A12D055389E3}.Debug|Any CPU.ActiveCfg = Debug|Any CPU
		{70F58570-BDA0-4B4B-A5DD-A12D055389E3}.Debug|Any CPU.Build.0 = Debug|Any CPU
		{70F58570-BDA0-4B4B-A5DD-A12D055389E3}.Release|Any CPU.ActiveCfg = Release|Any CPU
		{70F58570-BDA0-4B4B-A5DD-A12D055389E3}.Release|Any CPU.Build.0 = Release|Any CPU
		{044CA1E4-816F-4085-A492-ECCB58CBA954}.Debug|Any CPU.ActiveCfg = Debug|Any CPU
		{044CA1E4-816F-4085-A492-ECCB58CBA954}.Debug|Any CPU.Build.0 = Debug|Any CPU
		{044CA1E4-816F-4085-A492-ECCB58CBA954}.Release|Any CPU.ActiveCfg = Release|Any CPU
		{044CA1E4-816F-4085-A492-ECCB58CBA954}.Release|Any CPU.Build.0 = Release|Any CPU
		{ADECD813-E68A-4398-B8AC-D62486B609BB}.Debug|Any CPU.ActiveCfg = Debug|Any CPU
		{ADECD813-E68A-4398-B8AC-D62486B609BB}.Debug|Any CPU.Build.0 = Debug|Any CPU
		{ADECD813-E68A-4398-B8AC-D62486B609BB}.Release|Any CPU.ActiveCfg = Release|Any CPU
		{ADECD813-E68A-4398-B8AC-D62486B609BB}.Release|Any CPU.Build.0 = Release|Any CPU
		{D1857629-CAC5-47BC-91E4-7D733607394A}.Debug|Any CPU.ActiveCfg = Debug|Any CPU
		{D1857629-CAC5-47BC-91E4-7D733607394A}.Debug|Any CPU.Build.0 = Debug|Any CPU
		{D1857629-CAC5-47BC-91E4-7D733607394A}.Release|Any CPU.ActiveCfg = Release|Any CPU
		{D1857629-CAC5-47BC-91E4-7D733607394A}.Release|Any CPU.Build.0 = Release|Any CPU
		{47D88CEE-E91B-49F8-80A1-D04FEA63F8F3}.Debug|Any CPU.ActiveCfg = Debug|Any CPU
		{47D88CEE-E91B-49F8-80A1-D04FEA63F8F3}.Debug|Any CPU.Build.0 = Debug|Any CPU
		{47D88CEE-E91B-49F8-80A1-D04FEA63F8F3}.Release|Any CPU.ActiveCfg = Release|Any CPU
		{47D88CEE-E91B-49F8-80A1-D04FEA63F8F3}.Release|Any CPU.Build.0 = Release|Any CPU
		{727C8DAD-4499-4045-89AA-591CB5E00B42}.Debug|Any CPU.ActiveCfg = Debug|Any CPU
		{727C8DAD-4499-4045-89AA-591CB5E00B42}.Debug|Any CPU.Build.0 = Debug|Any CPU
		{727C8DAD-4499-4045-89AA-591CB5E00B42}.Release|Any CPU.ActiveCfg = Release|Any CPU
		{727C8DAD-4499-4045-89AA-591CB5E00B42}.Release|Any CPU.Build.0 = Release|Any CPU
		{80CD29C1-E98D-49E7-B4EF-3F6E6D7600F3}.Debug|Any CPU.ActiveCfg = Debug|Any CPU
		{80CD29C1-E98D-49E7-B4EF-3F6E6D7600F3}.Debug|Any CPU.Build.0 = Debug|Any CPU
		{80CD29C1-E98D-49E7-B4EF-3F6E6D7600F3}.Release|Any CPU.ActiveCfg = Release|Any CPU
		{80CD29C1-E98D-49E7-B4EF-3F6E6D7600F3}.Release|Any CPU.Build.0 = Release|Any CPU
		{00C0657B-F5FE-4F01-A963-346EF4447B07}.Debug|Any CPU.ActiveCfg = Debug|Any CPU
		{00C0657B-F5FE-4F01-A963-346EF4447B07}.Debug|Any CPU.Build.0 = Debug|Any CPU
		{00C0657B-F5FE-4F01-A963-346EF4447B07}.Release|Any CPU.ActiveCfg = Release|Any CPU
		{00C0657B-F5FE-4F01-A963-346EF4447B07}.Release|Any CPU.Build.0 = Release|Any CPU
		{6D27AC79-99AF-40BD-9493-17B87669F5C5}.Debug|Any CPU.ActiveCfg = Debug|Any CPU
		{6D27AC79-99AF-40BD-9493-17B87669F5C5}.Debug|Any CPU.Build.0 = Debug|Any CPU
		{6D27AC79-99AF-40BD-9493-17B87669F5C5}.Release|Any CPU.ActiveCfg = Release|Any CPU
		{6D27AC79-99AF-40BD-9493-17B87669F5C5}.Release|Any CPU.Build.0 = Release|Any CPU
		{29906870-8AB7-4C29-858D-42C6E9A1BEAB}.Debug|Any CPU.ActiveCfg = Debug|Any CPU
		{29906870-8AB7-4C29-858D-42C6E9A1BEAB}.Debug|Any CPU.Build.0 = Debug|Any CPU
		{29906870-8AB7-4C29-858D-42C6E9A1BEAB}.Release|Any CPU.ActiveCfg = Release|Any CPU
		{29906870-8AB7-4C29-858D-42C6E9A1BEAB}.Release|Any CPU.Build.0 = Release|Any CPU
		{74C8B4EE-213C-49F2-ACC7-2AF30AFCB2EC}.Debug|Any CPU.ActiveCfg = Debug|Any CPU
		{74C8B4EE-213C-49F2-ACC7-2AF30AFCB2EC}.Debug|Any CPU.Build.0 = Debug|Any CPU
		{74C8B4EE-213C-49F2-ACC7-2AF30AFCB2EC}.Release|Any CPU.ActiveCfg = Release|Any CPU
		{74C8B4EE-213C-49F2-ACC7-2AF30AFCB2EC}.Release|Any CPU.Build.0 = Release|Any CPU
	EndGlobalSection
	GlobalSection(SolutionProperties) = preSolution
		HideSolutionNode = FALSE
	EndGlobalSection
	GlobalSection(ExtensibilityGlobals) = postSolution
		SolutionGuid = {BC5AB197-72AB-4BF4-84E1-082A4F7877C8}
	EndGlobalSection
EndGlobal
